# THIS IS AN AUTOGENERATED FILE. DO NOT EDIT THIS FILE DIRECTLY.
# yarn lockfile v1


"@aws-crypto/ie11-detection@^1.0.0":
  version "1.0.0"
  resolved "https://registry.yarnpkg.com/@aws-crypto/ie11-detection/-/ie11-detection-1.0.0.tgz#d3a6af29ba7f15458f79c41d1cd8cac3925e726a"
  integrity sha512-kCKVhCF1oDxFYgQrxXmIrS5oaWulkvRcPz+QBDMsUr2crbF4VGgGT6+uQhSwJFdUAQ2A//Vq+uT83eJrkzFgXA==
  dependencies:
    tslib "^1.11.1"

"@aws-crypto/sha256-browser@^1.0.0":
  version "1.1.0"
  resolved "https://registry.yarnpkg.com/@aws-crypto/sha256-browser/-/sha256-browser-1.1.0.tgz#20092cc6c08d8f04db0ed57b6f05cff150384f77"
  integrity sha512-VIpuLRDonMAHgomrsm/zKbeXTnxpr4aHDQmS4pF+NcpvBp64l675yjGA9hyUYs/QJwBjUl8WqMjh9tIRgi85Sg==
  dependencies:
    "@aws-crypto/ie11-detection" "^1.0.0"
    "@aws-crypto/sha256-js" "^1.1.0"
    "@aws-crypto/supports-web-crypto" "^1.0.0"
    "@aws-sdk/types" "^3.1.0"
    "@aws-sdk/util-locate-window" "^3.0.0"
    "@aws-sdk/util-utf8-browser" "^3.0.0"
    tslib "^1.11.1"

"@aws-crypto/sha256-js@^1.0.0", "@aws-crypto/sha256-js@^1.1.0":
  version "1.1.0"
  resolved "https://registry.yarnpkg.com/@aws-crypto/sha256-js/-/sha256-js-1.1.0.tgz#a58386ad18186e392e0f1d98d18831261d27b071"
  integrity sha512-VIhuqbPgXDVr8sZe2yhgQcDRRmzf4CI8fmC1A3bHiRfE6wlz1d8KpeemqbuoEHotz/Dch9yOxlshyQDNjNFeHA==
  dependencies:
    "@aws-sdk/types" "^3.1.0"
    "@aws-sdk/util-utf8-browser" "^3.0.0"
    tslib "^1.11.1"

"@aws-crypto/supports-web-crypto@^1.0.0":
  version "1.0.0"
  resolved "https://registry.yarnpkg.com/@aws-crypto/supports-web-crypto/-/supports-web-crypto-1.0.0.tgz#c40901bc17ac1e875e248df16a2b47ad8bfd9a93"
  integrity sha512-IHLfv+WmVH89EW4n6a5eE8/hUlz6qkWGMn/v4r5ZgzcXdTC5nolii2z3k46y01hWRiC2PPhOdeSLzMUCUMco7g==
  dependencies:
    tslib "^1.11.1"

"@aws-sdk/abort-controller@3.18.0":
  version "3.18.0"
  resolved "https://registry.yarnpkg.com/@aws-sdk/abort-controller/-/abort-controller-3.18.0.tgz#ff39bf1e07c7ae7790c26f93517a08fa3c27dd10"
  integrity sha512-AxDm2QLq2Z+PjzMESB+lPD5XL73MzC4CtUAajPn09ocWj7p9poVN0dd8NVFhBDfQMVPWTQaQBZk7h5TDvZrsBg==
  dependencies:
    "@aws-sdk/types" "3.18.0"
    tslib "^2.0.0"

"@aws-sdk/client-iot@^3.18.0":
  version "3.18.0"
  resolved "https://registry.yarnpkg.com/@aws-sdk/client-iot/-/client-iot-3.18.0.tgz#156ef93bc88bc960038d269d304e937215d8db4f"
  integrity sha512-qXJkxYf1UKFvhVeXwd52IQrS6aH13TSon1xoidBwdqys8wVnqZLfocbCPgxczzGfqAtCtTZJSDfSI+KPt1qraA==
  dependencies:
    "@aws-crypto/sha256-browser" "^1.0.0"
    "@aws-crypto/sha256-js" "^1.0.0"
    "@aws-sdk/client-sts" "3.18.0"
    "@aws-sdk/config-resolver" "3.18.0"
    "@aws-sdk/credential-provider-node" "3.18.0"
    "@aws-sdk/fetch-http-handler" "3.18.0"
    "@aws-sdk/hash-node" "3.18.0"
    "@aws-sdk/invalid-dependency" "3.18.0"
    "@aws-sdk/middleware-content-length" "3.18.0"
    "@aws-sdk/middleware-host-header" "3.18.0"
    "@aws-sdk/middleware-logger" "3.18.0"
    "@aws-sdk/middleware-retry" "3.18.0"
    "@aws-sdk/middleware-serde" "3.18.0"
    "@aws-sdk/middleware-signing" "3.18.0"
    "@aws-sdk/middleware-stack" "3.18.0"
    "@aws-sdk/middleware-user-agent" "3.18.0"
    "@aws-sdk/node-config-provider" "3.18.0"
    "@aws-sdk/node-http-handler" "3.18.0"
    "@aws-sdk/protocol-http" "3.18.0"
    "@aws-sdk/smithy-client" "3.18.0"
    "@aws-sdk/types" "3.18.0"
    "@aws-sdk/url-parser" "3.18.0"
    "@aws-sdk/util-base64-browser" "3.18.0"
    "@aws-sdk/util-base64-node" "3.18.0"
    "@aws-sdk/util-body-length-browser" "3.18.0"
    "@aws-sdk/util-body-length-node" "3.18.0"
    "@aws-sdk/util-user-agent-browser" "3.18.0"
    "@aws-sdk/util-user-agent-node" "3.18.0"
    "@aws-sdk/util-utf8-browser" "3.18.0"
    "@aws-sdk/util-utf8-node" "3.18.0"
    tslib "^2.0.0"
    uuid "^8.3.2"

"@aws-sdk/client-ssm@^3.18.0":
  version "3.18.0"
  resolved "https://registry.yarnpkg.com/@aws-sdk/client-ssm/-/client-ssm-3.18.0.tgz#00ea3b1a1dba662760657edb18859e1aa8730ef3"
  integrity sha512-hpkP8eCNMF4aH3mE/wZ69kKSfX695GL37lK3JenzIfvUr8rVPnKcLN+a8qoLTnTle210gxUm8PgqCeUlBcdoJQ==
  dependencies:
    "@aws-crypto/sha256-browser" "^1.0.0"
    "@aws-crypto/sha256-js" "^1.0.0"
    "@aws-sdk/client-sts" "3.18.0"
    "@aws-sdk/config-resolver" "3.18.0"
    "@aws-sdk/credential-provider-node" "3.18.0"
    "@aws-sdk/fetch-http-handler" "3.18.0"
    "@aws-sdk/hash-node" "3.18.0"
    "@aws-sdk/invalid-dependency" "3.18.0"
    "@aws-sdk/middleware-content-length" "3.18.0"
    "@aws-sdk/middleware-host-header" "3.18.0"
    "@aws-sdk/middleware-logger" "3.18.0"
    "@aws-sdk/middleware-retry" "3.18.0"
    "@aws-sdk/middleware-serde" "3.18.0"
    "@aws-sdk/middleware-signing" "3.18.0"
    "@aws-sdk/middleware-stack" "3.18.0"
    "@aws-sdk/middleware-user-agent" "3.18.0"
    "@aws-sdk/node-config-provider" "3.18.0"
    "@aws-sdk/node-http-handler" "3.18.0"
    "@aws-sdk/protocol-http" "3.18.0"
    "@aws-sdk/smithy-client" "3.18.0"
    "@aws-sdk/types" "3.18.0"
    "@aws-sdk/url-parser" "3.18.0"
    "@aws-sdk/util-base64-browser" "3.18.0"
    "@aws-sdk/util-base64-node" "3.18.0"
    "@aws-sdk/util-body-length-browser" "3.18.0"
    "@aws-sdk/util-body-length-node" "3.18.0"
    "@aws-sdk/util-user-agent-browser" "3.18.0"
    "@aws-sdk/util-user-agent-node" "3.18.0"
    "@aws-sdk/util-utf8-browser" "3.18.0"
    "@aws-sdk/util-utf8-node" "3.18.0"
    "@aws-sdk/util-waiter" "3.18.0"
    tslib "^2.0.0"
    uuid "^8.3.2"

"@aws-sdk/client-sso@3.18.0":
  version "3.18.0"
  resolved "https://registry.yarnpkg.com/@aws-sdk/client-sso/-/client-sso-3.18.0.tgz#c3ce974fc6786cd2ff3ac9f14dafe5d28633aea9"
  integrity sha512-OAS2R13NJ/mNnKxBc//Nva/+BmqaZZrzJ3pHsfGNUvzYE6rNj5iWHACD8LIV/Glf5Z3H52fbwfmYpwkMuvPuXQ==
  dependencies:
    "@aws-crypto/sha256-browser" "^1.0.0"
    "@aws-crypto/sha256-js" "^1.0.0"
    "@aws-sdk/config-resolver" "3.18.0"
    "@aws-sdk/fetch-http-handler" "3.18.0"
    "@aws-sdk/hash-node" "3.18.0"
    "@aws-sdk/invalid-dependency" "3.18.0"
    "@aws-sdk/middleware-content-length" "3.18.0"
    "@aws-sdk/middleware-host-header" "3.18.0"
    "@aws-sdk/middleware-logger" "3.18.0"
    "@aws-sdk/middleware-retry" "3.18.0"
    "@aws-sdk/middleware-serde" "3.18.0"
    "@aws-sdk/middleware-stack" "3.18.0"
    "@aws-sdk/middleware-user-agent" "3.18.0"
    "@aws-sdk/node-config-provider" "3.18.0"
    "@aws-sdk/node-http-handler" "3.18.0"
    "@aws-sdk/protocol-http" "3.18.0"
    "@aws-sdk/smithy-client" "3.18.0"
    "@aws-sdk/types" "3.18.0"
    "@aws-sdk/url-parser" "3.18.0"
    "@aws-sdk/util-base64-browser" "3.18.0"
    "@aws-sdk/util-base64-node" "3.18.0"
    "@aws-sdk/util-body-length-browser" "3.18.0"
    "@aws-sdk/util-body-length-node" "3.18.0"
    "@aws-sdk/util-user-agent-browser" "3.18.0"
    "@aws-sdk/util-user-agent-node" "3.18.0"
    "@aws-sdk/util-utf8-browser" "3.18.0"
    "@aws-sdk/util-utf8-node" "3.18.0"
    tslib "^2.0.0"

"@aws-sdk/client-sts@3.18.0":
  version "3.18.0"
  resolved "https://registry.yarnpkg.com/@aws-sdk/client-sts/-/client-sts-3.18.0.tgz#0add98614ed0233855b067c5e8b5905ae272808b"
  integrity sha512-xRaBx3A4Edd216ZSZP4360siOx7yGiPY2Ez/w4JbdcwFRjoen8cP9kTgbipgMhbwHVUvgNZpyDrCp0eRHL24bg==
  dependencies:
    "@aws-crypto/sha256-browser" "^1.0.0"
    "@aws-crypto/sha256-js" "^1.0.0"
    "@aws-sdk/config-resolver" "3.18.0"
    "@aws-sdk/credential-provider-node" "3.18.0"
    "@aws-sdk/fetch-http-handler" "3.18.0"
    "@aws-sdk/hash-node" "3.18.0"
    "@aws-sdk/invalid-dependency" "3.18.0"
    "@aws-sdk/middleware-content-length" "3.18.0"
    "@aws-sdk/middleware-host-header" "3.18.0"
    "@aws-sdk/middleware-logger" "3.18.0"
    "@aws-sdk/middleware-retry" "3.18.0"
    "@aws-sdk/middleware-sdk-sts" "3.18.0"
    "@aws-sdk/middleware-serde" "3.18.0"
    "@aws-sdk/middleware-signing" "3.18.0"
    "@aws-sdk/middleware-stack" "3.18.0"
    "@aws-sdk/middleware-user-agent" "3.18.0"
    "@aws-sdk/node-config-provider" "3.18.0"
    "@aws-sdk/node-http-handler" "3.18.0"
    "@aws-sdk/protocol-http" "3.18.0"
    "@aws-sdk/smithy-client" "3.18.0"
    "@aws-sdk/types" "3.18.0"
    "@aws-sdk/url-parser" "3.18.0"
    "@aws-sdk/util-base64-browser" "3.18.0"
    "@aws-sdk/util-base64-node" "3.18.0"
    "@aws-sdk/util-body-length-browser" "3.18.0"
    "@aws-sdk/util-body-length-node" "3.18.0"
    "@aws-sdk/util-user-agent-browser" "3.18.0"
    "@aws-sdk/util-user-agent-node" "3.18.0"
    "@aws-sdk/util-utf8-browser" "3.18.0"
    "@aws-sdk/util-utf8-node" "3.18.0"
    entities "2.2.0"
    fast-xml-parser "3.19.0"
    tslib "^2.0.0"

"@aws-sdk/config-resolver@3.18.0":
  version "3.18.0"
  resolved "https://registry.yarnpkg.com/@aws-sdk/config-resolver/-/config-resolver-3.18.0.tgz#39ce169776ccb96d9809df8a262c545e1318c342"
  integrity sha512-2uSa/YccHckyYuY0OLDemgb+Jprif/NP+6OW+4eAjkwMGpZ3TtyGXoAZprBHqDXV12QxOYWjL6X6pyHvvsBAsQ==
  dependencies:
    "@aws-sdk/signature-v4" "3.18.0"
    "@aws-sdk/types" "3.18.0"
    tslib "^2.0.0"

"@aws-sdk/credential-provider-env@3.18.0":
  version "3.18.0"
  resolved "https://registry.yarnpkg.com/@aws-sdk/credential-provider-env/-/credential-provider-env-3.18.0.tgz#1a9be36a06fb4dc131e4e9ba63d8f4c85320a729"
  integrity sha512-+PajLjjpXib9rseqC/r8hnlgq5mOloIaTLYZsdbEC9Afwo5VmYlemL5gAfH+ABxYeanbTvHaP7lUNS3pLrM7dA==
  dependencies:
    "@aws-sdk/property-provider" "3.18.0"
    "@aws-sdk/types" "3.18.0"
    tslib "^2.0.0"

"@aws-sdk/credential-provider-imds@3.18.0":
  version "3.18.0"
  resolved "https://registry.yarnpkg.com/@aws-sdk/credential-provider-imds/-/credential-provider-imds-3.18.0.tgz#6876189a2b04d8f9430c667d4a6f606c61044152"
  integrity sha512-l/yDGjmZkkO0mSqatk7lOHKE6/EGplD5HHgAEY6pr5Y7C5a6ck7/mU7iNtmfq5HAv/YFsXHrewMGyXoE9iQBpg==
  dependencies:
    "@aws-sdk/property-provider" "3.18.0"
    "@aws-sdk/types" "3.18.0"
    tslib "^2.0.0"

"@aws-sdk/credential-provider-ini@3.18.0":
  version "3.18.0"
  resolved "https://registry.yarnpkg.com/@aws-sdk/credential-provider-ini/-/credential-provider-ini-3.18.0.tgz#1c3a4002473fb432a173569623cc535ce38e648c"
  integrity sha512-Hsef5NC4hPh4BDlin/Eik9S2icFZIvQjPGVL2z3OO30Xer0GHwIQNMAf0WTREQ+cCuXFrIyCwSsdxIo1n2yQnA==
  dependencies:
    "@aws-sdk/credential-provider-env" "3.18.0"
    "@aws-sdk/credential-provider-imds" "3.18.0"
    "@aws-sdk/credential-provider-web-identity" "3.18.0"
    "@aws-sdk/property-provider" "3.18.0"
    "@aws-sdk/shared-ini-file-loader" "3.18.0"
    "@aws-sdk/types" "3.18.0"
    tslib "^2.0.0"

"@aws-sdk/credential-provider-node@3.18.0":
  version "3.18.0"
  resolved "https://registry.yarnpkg.com/@aws-sdk/credential-provider-node/-/credential-provider-node-3.18.0.tgz#60f5e0a19e7bd689d35ced18e21a8cbd5dba5acc"
  integrity sha512-iFwBl6w7mJAFo4YNVL960bkY6c4bUtABtbI+Wka8QbauGTGfAPMlET0JBesPNRAjkB7xzEtujPQL7pz4qlzeNQ==
  dependencies:
    "@aws-sdk/credential-provider-env" "3.18.0"
    "@aws-sdk/credential-provider-imds" "3.18.0"
    "@aws-sdk/credential-provider-ini" "3.18.0"
    "@aws-sdk/credential-provider-process" "3.18.0"
    "@aws-sdk/credential-provider-sso" "3.18.0"
    "@aws-sdk/credential-provider-web-identity" "3.18.0"
    "@aws-sdk/property-provider" "3.18.0"
    "@aws-sdk/shared-ini-file-loader" "3.18.0"
    "@aws-sdk/types" "3.18.0"
    tslib "^2.0.0"

"@aws-sdk/credential-provider-process@3.18.0":
  version "3.18.0"
  resolved "https://registry.yarnpkg.com/@aws-sdk/credential-provider-process/-/credential-provider-process-3.18.0.tgz#9fb5b69b8c0d04ac03c4c4e29aed0778c55908da"
  integrity sha512-0KwouUPsAALTqAlzy7HOddujjka3FmlNLe58bPPUk+2nqgg1qKGaNEtDTGCpusIaqLJm7ZbPJ0cJ8B+q/ytuwg==
  dependencies:
    "@aws-sdk/credential-provider-ini" "3.18.0"
    "@aws-sdk/property-provider" "3.18.0"
    "@aws-sdk/shared-ini-file-loader" "3.18.0"
    "@aws-sdk/types" "3.18.0"
    tslib "^2.0.0"

"@aws-sdk/credential-provider-sso@3.18.0":
  version "3.18.0"
  resolved "https://registry.yarnpkg.com/@aws-sdk/credential-provider-sso/-/credential-provider-sso-3.18.0.tgz#86c00cacf638fa110000d2f6b15013c81fb16cb4"
  integrity sha512-EEHnWb/tFvFb9+a7dfChBdHmOZnqZeAbn6TOgc4LME4No9EG3XvkH48wxS0Mdhi9ziEGEdnNLQSVaIFzprWn8w==
  dependencies:
    "@aws-sdk/client-sso" "3.18.0"
    "@aws-sdk/credential-provider-ini" "3.18.0"
    "@aws-sdk/property-provider" "3.18.0"
    "@aws-sdk/shared-ini-file-loader" "3.18.0"
    "@aws-sdk/types" "3.18.0"
    tslib "^2.0.0"

"@aws-sdk/credential-provider-web-identity@3.18.0":
  version "3.18.0"
  resolved "https://registry.yarnpkg.com/@aws-sdk/credential-provider-web-identity/-/credential-provider-web-identity-3.18.0.tgz#9730dc9a5e8575dd634fecd41413611dc75426da"
  integrity sha512-s+F9hE5f2hcrVluEWpDMCSAWUntNQyzJexQKq5KYdJuHsm+oQbACJwWPcB63rbmpzWQht88tU6+YeMRq8P9HIA==
  dependencies:
    "@aws-sdk/property-provider" "3.18.0"
    "@aws-sdk/types" "3.18.0"
    tslib "^2.0.0"

"@aws-sdk/fetch-http-handler@3.18.0":
  version "3.18.0"
  resolved "https://registry.yarnpkg.com/@aws-sdk/fetch-http-handler/-/fetch-http-handler-3.18.0.tgz#8614c8e99e7c4f80f07445a3ce962283672bdcef"
  integrity sha512-jJS34wJzv+5wumVpQ7fGOmTxkJlu1tmGkbCt13xuSjYpt2M/by+WAShxcxEhrsBJlMNMHTHF+v2Tew6JwEP00w==
  dependencies:
    "@aws-sdk/protocol-http" "3.18.0"
    "@aws-sdk/querystring-builder" "3.18.0"
    "@aws-sdk/types" "3.18.0"
    "@aws-sdk/util-base64-browser" "3.18.0"
    tslib "^2.0.0"

"@aws-sdk/hash-node@3.18.0":
  version "3.18.0"
  resolved "https://registry.yarnpkg.com/@aws-sdk/hash-node/-/hash-node-3.18.0.tgz#6e7c8b7defb707315fe89d65ba33d484066c9543"
  integrity sha512-rmjpJl4oG4JxHydnb9F3GzHu5wDJAQswgnBV0NszHfDndJm34f0Dta6OTmreK5nZ8ns/g6ZAjLjiTuKJoxjVmg==
  dependencies:
    "@aws-sdk/types" "3.18.0"
    "@aws-sdk/util-buffer-from" "3.18.0"
    tslib "^2.0.0"

"@aws-sdk/invalid-dependency@3.18.0":
  version "3.18.0"
  resolved "https://registry.yarnpkg.com/@aws-sdk/invalid-dependency/-/invalid-dependency-3.18.0.tgz#8edf6c9ebdcb5932fe3a81868bd78daf305f8649"
  integrity sha512-+VlXE8G22+H7d6K0EafpmihodOiF8I957J/euWIAGTSYYhLuAXPgCyPoKk1Qmxqfb3oAoG/cuoehCuPfFWwTPA==
  dependencies:
    "@aws-sdk/types" "3.18.0"
    tslib "^2.0.0"

"@aws-sdk/is-array-buffer@3.18.0":
  version "3.18.0"
  resolved "https://registry.yarnpkg.com/@aws-sdk/is-array-buffer/-/is-array-buffer-3.18.0.tgz#ad505580d4a7bcaba60f084553c11b8329ddb2b7"
  integrity sha512-HvPRgESVQt0UbzRQZVKhf8SpGGc5Jrln3AtTzkVu6PBHO04Dh2EHsrsxiu7X3oB453Mnp8+LYBVIgsmM/RyJzA==
  dependencies:
    tslib "^2.0.0"

"@aws-sdk/middleware-content-length@3.18.0":
  version "3.18.0"
  resolved "https://registry.yarnpkg.com/@aws-sdk/middleware-content-length/-/middleware-content-length-3.18.0.tgz#3da77642f082bab1864926c3bc903f87e9187cd5"
  integrity sha512-N1qTzkn+vNjMXBRybW9/S9WtCFiJp2B8agr+41zja4hnZVA07kClvI76jM6KUwQHADB2q79FWT+i6PeyCHHh1Q==
  dependencies:
    "@aws-sdk/protocol-http" "3.18.0"
    "@aws-sdk/types" "3.18.0"
    tslib "^2.0.0"

"@aws-sdk/middleware-host-header@3.18.0":
  version "3.18.0"
  resolved "https://registry.yarnpkg.com/@aws-sdk/middleware-host-header/-/middleware-host-header-3.18.0.tgz#527bed316636ec42aea113458fcd0358269f9db9"
  integrity sha512-MPX9GJk3Wl3OjRJ3ti+ptkG+7dTpXGtEjIPF0MsCSlfTKH01lsNGDpSZpeUyhYFrvl3fXoMrPeJHUuFeXA3bIA==
  dependencies:
    "@aws-sdk/protocol-http" "3.18.0"
    "@aws-sdk/types" "3.18.0"
    tslib "^2.0.0"

"@aws-sdk/middleware-logger@3.18.0":
  version "3.18.0"
  resolved "https://registry.yarnpkg.com/@aws-sdk/middleware-logger/-/middleware-logger-3.18.0.tgz#00addf99fcc41879fb4cd9521630931dbcf8deff"
  integrity sha512-GGiT4w8R7GOvlp4Q1w8JmBaBSsxNUL+ebEcs8ahJBrm9brYZG7tN8ncLXfF7d3oLd5XMoSbBkTn8+dQ973pkEQ==
  dependencies:
    "@aws-sdk/types" "3.18.0"
    tslib "^2.0.0"

"@aws-sdk/middleware-retry@3.18.0":
  version "3.18.0"
  resolved "https://registry.yarnpkg.com/@aws-sdk/middleware-retry/-/middleware-retry-3.18.0.tgz#61b5fd249bdd0c945ed04912030f098514a1bc7b"
  integrity sha512-PIvbtN05IftmbLACEdV6atNXJVuXNDkK5pcqKgggCteIKHz0QWnLUrgvi9wh2/HqDJD/XpY+ZmOEoZqUnwYSgg==
  dependencies:
    "@aws-sdk/protocol-http" "3.18.0"
    "@aws-sdk/service-error-classification" "3.18.0"
    "@aws-sdk/types" "3.18.0"
    tslib "^2.0.0"
    uuid "^8.3.2"

"@aws-sdk/middleware-sdk-sts@3.18.0":
  version "3.18.0"
  resolved "https://registry.yarnpkg.com/@aws-sdk/middleware-sdk-sts/-/middleware-sdk-sts-3.18.0.tgz#e26f0f335553e3e1956a3b190080d9f82377b5f9"
  integrity sha512-FVowN386wlLBt7ND5ALbkgJl65ynzxYNBH351mcD2/VwgCx3PZqZSr8sLoVDyuB+X2n9/GAI+r3W++zQ8YOymQ==
  dependencies:
    "@aws-sdk/middleware-signing" "3.18.0"
    "@aws-sdk/property-provider" "3.18.0"
    "@aws-sdk/protocol-http" "3.18.0"
    "@aws-sdk/signature-v4" "3.18.0"
    "@aws-sdk/types" "3.18.0"
    tslib "^2.0.0"

"@aws-sdk/middleware-serde@3.18.0":
  version "3.18.0"
  resolved "https://registry.yarnpkg.com/@aws-sdk/middleware-serde/-/middleware-serde-3.18.0.tgz#583687b7b7f278ecbb18a5f273399ceef7921bf8"
  integrity sha512-46PtAvnGONN/v5OcNE4/3UywadCJunITwXDK/AGs6SMijkOPtoGMjP7fme9XlB6wg4QTSfeF3eKsieOF47RlPg==
  dependencies:
    "@aws-sdk/types" "3.18.0"
    tslib "^2.0.0"

"@aws-sdk/middleware-signing@3.18.0":
  version "3.18.0"
  resolved "https://registry.yarnpkg.com/@aws-sdk/middleware-signing/-/middleware-signing-3.18.0.tgz#6dc6b27d09e18b5b792acef0a856f13b1f76e8c9"
  integrity sha512-0DCwl1Hp66XVG3UUIvBhf7zy8pmeHFATInqRMF91Ch4mYJJdk/U0xLla+ouA2t6SjBkl2tb1bJLgjwkWnvR5Rg==
  dependencies:
    "@aws-sdk/property-provider" "3.18.0"
    "@aws-sdk/protocol-http" "3.18.0"
    "@aws-sdk/signature-v4" "3.18.0"
    "@aws-sdk/types" "3.18.0"
    tslib "^2.0.0"

"@aws-sdk/middleware-stack@3.18.0":
  version "3.18.0"
  resolved "https://registry.yarnpkg.com/@aws-sdk/middleware-stack/-/middleware-stack-3.18.0.tgz#e3977d0dce6690e83d281e4ae4313b7ee8547aea"
  integrity sha512-+FDsKMRq3Gsd6ddVt1P+7ltSiRRcEj6KpRccMHkFkFqWWqn9OcPh+Et076ivSBXCW8q9Ib4qJi04hiCD/md2EQ==
  dependencies:
    tslib "^2.0.0"

"@aws-sdk/middleware-user-agent@3.18.0":
  version "3.18.0"
  resolved "https://registry.yarnpkg.com/@aws-sdk/middleware-user-agent/-/middleware-user-agent-3.18.0.tgz#0319b51faa04fcc187f852538e5d99709e4f465f"
  integrity sha512-BGm+buvq0wHtIylYGmyLhuRUvb2MsKx2mBhEx9m5Vs4M8I8GnTgrWtblOzwqZ+Q7dl+GQCL0/tLYTw50BTeLGQ==
  dependencies:
    "@aws-sdk/protocol-http" "3.18.0"
    "@aws-sdk/types" "3.18.0"
    tslib "^2.0.0"

"@aws-sdk/node-config-provider@3.18.0":
  version "3.18.0"
  resolved "https://registry.yarnpkg.com/@aws-sdk/node-config-provider/-/node-config-provider-3.18.0.tgz#4dc346592f81084d09cd81c4e6a26cf9bcd2b083"
  integrity sha512-U+qqNIWivZK9bd1BJMwRyXcTHZAS9r4sgPMrjFyOutdLxBCrhU7QUUr0hFaHdrsVA7cU+D3bBhFxq6JxGmj8Hg==
  dependencies:
    "@aws-sdk/property-provider" "3.18.0"
    "@aws-sdk/shared-ini-file-loader" "3.18.0"
    "@aws-sdk/types" "3.18.0"
    tslib "^2.0.0"

"@aws-sdk/node-http-handler@3.18.0":
  version "3.18.0"
  resolved "https://registry.yarnpkg.com/@aws-sdk/node-http-handler/-/node-http-handler-3.18.0.tgz#9771340d008d83f245e0cb222d5bb31128805c74"
  integrity sha512-87ZxGlq3dnlPjAIN0yhawiF+n3oQQihxYaSeysltsuz13X/beYTDyGTEBZXWKwB06O/XHbfBV6iYUR7XgMP20w==
  dependencies:
    "@aws-sdk/abort-controller" "3.18.0"
    "@aws-sdk/protocol-http" "3.18.0"
    "@aws-sdk/querystring-builder" "3.18.0"
    "@aws-sdk/types" "3.18.0"
    tslib "^2.0.0"

"@aws-sdk/property-provider@3.18.0":
  version "3.18.0"
  resolved "https://registry.yarnpkg.com/@aws-sdk/property-provider/-/property-provider-3.18.0.tgz#7ab800603e12c4baad4492729cc072df7976cd0d"
  integrity sha512-e7ADhSv8zAePAJLdXT0QItFPnA2ewOCDrD130E0NYA90AnW3xIyLB+J5HbwTWYUcF9Fbo0xSKh+0y8hBjNsT/w==
  dependencies:
    "@aws-sdk/types" "3.18.0"
    tslib "^2.0.0"

"@aws-sdk/protocol-http@3.18.0":
  version "3.18.0"
  resolved "https://registry.yarnpkg.com/@aws-sdk/protocol-http/-/protocol-http-3.18.0.tgz#fc6448505b5b2b95afde71e33df5887371152a74"
  integrity sha512-GIKvZBEnm87/mRaVYHnsQDYBSvU6qyKjyVdHDpQHhF+MZ+MKafygmpdBjsrRRstWr7h5WepnUVImYgvmaW6vyw==
  dependencies:
    "@aws-sdk/types" "3.18.0"
    tslib "^2.0.0"

"@aws-sdk/querystring-builder@3.18.0":
  version "3.18.0"
  resolved "https://registry.yarnpkg.com/@aws-sdk/querystring-builder/-/querystring-builder-3.18.0.tgz#e49393e318072f70ea66e951a4db9795879bc43b"
  integrity sha512-1DrzflLp80RG674XfhZsl4jehIe0mdSPqXqMH6vOMDcmF/lLEsfwPs307G+Go3kwWXSUup52bcMmfi8Ef4xLBg==
  dependencies:
    "@aws-sdk/types" "3.18.0"
    "@aws-sdk/util-uri-escape" "3.18.0"
    tslib "^2.0.0"

"@aws-sdk/querystring-parser@3.18.0":
  version "3.18.0"
  resolved "https://registry.yarnpkg.com/@aws-sdk/querystring-parser/-/querystring-parser-3.18.0.tgz#4210f462cfd5a3f79ef02f0a13a8406d7786b745"
  integrity sha512-7pkgPCeTtsgcgBwYSK2QN9Kij88Adi4bKMBxCqpanloTng2KrZ3DfyyD7c0H70mt21Zqfwr2M1HrPSs1SZKBkw==
  dependencies:
    "@aws-sdk/types" "3.18.0"
    tslib "^2.0.0"

"@aws-sdk/service-error-classification@3.18.0":
  version "3.18.0"
  resolved "https://registry.yarnpkg.com/@aws-sdk/service-error-classification/-/service-error-classification-3.18.0.tgz#5e8a9609a6fcd64f1f3f0e71b8a0bbd3bed9b21c"
  integrity sha512-bgKy3fl1sIimpXUKqN9Mmb6tRtdtFQDYd/eX0LISSbdtJiVnMgiTxwTPEX72pN54L8zun3zU6xOuwoZP1Af6YA==

"@aws-sdk/shared-ini-file-loader@3.18.0":
  version "3.18.0"
  resolved "https://registry.yarnpkg.com/@aws-sdk/shared-ini-file-loader/-/shared-ini-file-loader-3.18.0.tgz#9cc4cd96753862a1c0aaefa903353e4bc17dda6a"
  integrity sha512-YpBCZWRvJhnPHbdFLzRvLIfx7Zxre8/5YsWrrNNBWRJ90z/6czzPdOn9jab/AVfLPpC/VSSubf4v4b8Cjeb4eA==
  dependencies:
    tslib "^2.0.0"

"@aws-sdk/signature-v4@3.18.0":
  version "3.18.0"
  resolved "https://registry.yarnpkg.com/@aws-sdk/signature-v4/-/signature-v4-3.18.0.tgz#b816b3d5436a9e1cd008a95db192cf36fa87ebd8"
  integrity sha512-md52+v+aIDfhwtaN+xIJ+7XgSqtRmreGkSCnJziGINRSnUSdycoR/ZJhT5d9TbMpYHdoT0Rm9RXNXImlfKCNGw==
  dependencies:
    "@aws-sdk/is-array-buffer" "3.18.0"
    "@aws-sdk/types" "3.18.0"
    "@aws-sdk/util-hex-encoding" "3.18.0"
    "@aws-sdk/util-uri-escape" "3.18.0"
    tslib "^2.0.0"

"@aws-sdk/smithy-client@3.18.0":
  version "3.18.0"
  resolved "https://registry.yarnpkg.com/@aws-sdk/smithy-client/-/smithy-client-3.18.0.tgz#ed441f76921c0f21558a35839cc1e8af91668647"
  integrity sha512-fIcfzrf2TnhB4W8UyqdPQ9fPAfIfuLQ0dO/Y9qwzsw0Bvj4qYYPcUaNI2raX7WN1G2KHa9wZdiceR0J+uQO7yg==
  dependencies:
    "@aws-sdk/middleware-stack" "3.18.0"
    "@aws-sdk/types" "3.18.0"
    tslib "^2.0.0"

"@aws-sdk/types@3.18.0", "@aws-sdk/types@^3.1.0":
  version "3.18.0"
  resolved "https://registry.yarnpkg.com/@aws-sdk/types/-/types-3.18.0.tgz#2158f054b83ea1319c47306bf08245fb26edeed0"
  integrity sha512-fyk6HXK1wk83n4fDvsG+ewV+yS4uegepeMNrmLr7iBKjzc/bLckTWk7GKFM5ZaF/9jWyk7o2eKW3C3BltgDrfQ==

"@aws-sdk/url-parser@3.18.0":
  version "3.18.0"
  resolved "https://registry.yarnpkg.com/@aws-sdk/url-parser/-/url-parser-3.18.0.tgz#6974e26036f85194240eff475e27f4bcc2621d73"
  integrity sha512-ye3sSF8R6kp1r98MRNk9UDj6P0luQfSZ5N2EZjF8AUG0y4PTVc4L/PlSsH3/sMOjG831al+khNo+cZNO9wZeiQ==
  dependencies:
    "@aws-sdk/querystring-parser" "3.18.0"
    "@aws-sdk/types" "3.18.0"
    tslib "^2.0.0"

"@aws-sdk/util-base64-browser@3.18.0":
  version "3.18.0"
  resolved "https://registry.yarnpkg.com/@aws-sdk/util-base64-browser/-/util-base64-browser-3.18.0.tgz#f625d06c0e9923d39976fbe6474bbed5a287f491"
  integrity sha512-XG7ls/9utSgCGzD0hgnNAQWLWU9Nnc/IqjQCZ6td84Y1/kTBBafSN3RTPeQ3fLzJ063sTDOy/DPEh21IPZCF6A==
  dependencies:
    tslib "^2.0.0"

"@aws-sdk/util-base64-node@3.18.0":
  version "3.18.0"
  resolved "https://registry.yarnpkg.com/@aws-sdk/util-base64-node/-/util-base64-node-3.18.0.tgz#5807aa9c036a4037d68fca0fa353e66ea10c1a9d"
  integrity sha512-NzkHCynFU2wfqU/15IkI5H0ukafu//LSUTFp9w4MzFNYpfbXAjcAK4S53VQe46bvciRRk8pyHc4wixiYsxFbpA==
  dependencies:
    "@aws-sdk/util-buffer-from" "3.18.0"
    tslib "^2.0.0"

"@aws-sdk/util-body-length-browser@3.18.0":
  version "3.18.0"
  resolved "https://registry.yarnpkg.com/@aws-sdk/util-body-length-browser/-/util-body-length-browser-3.18.0.tgz#c67c51219f44540e8b032065302a5e3fc74012f6"
  integrity sha512-+x0yrV9Z/gGGRVoWmx7t+skwG110vngkq5Clu7z+k/DtuZrkrspYKOVzidaH80pGJwJi+0JzxbIhA5JblBAf7Q==
  dependencies:
    tslib "^2.0.0"

"@aws-sdk/util-body-length-node@3.18.0":
  version "3.18.0"
  resolved "https://registry.yarnpkg.com/@aws-sdk/util-body-length-node/-/util-body-length-node-3.18.0.tgz#fcd93fec88161ca3f2392c7cf657fc74a38acbe3"
  integrity sha512-r/m+TP9O1G8k9V51LvDCjkoc53Parn7BjP81cBplDrA6Uc2iezVRcjuXzRU+4X8EBIlUtCNhDYryl5xN8cohKw==
  dependencies:
    tslib "^2.0.0"

"@aws-sdk/util-buffer-from@3.18.0":
  version "3.18.0"
  resolved "https://registry.yarnpkg.com/@aws-sdk/util-buffer-from/-/util-buffer-from-3.18.0.tgz#b2e18e04b7e28f701cc60e2da342d32a60b449d4"
  integrity sha512-4Pp4owEfjNdmqH9cByJnN0GbfM2II3I4FnRN5d9BysJ6mG+rLhc6WYxBgr4sEFtsJGYCgFzLU5MfUMx9OuDdPA==
  dependencies:
    "@aws-sdk/is-array-buffer" "3.18.0"
    tslib "^2.0.0"

"@aws-sdk/util-hex-encoding@3.18.0":
  version "3.18.0"
  resolved "https://registry.yarnpkg.com/@aws-sdk/util-hex-encoding/-/util-hex-encoding-3.18.0.tgz#b20ad7db4394c664e681b3744e216e405b2cdf13"
  integrity sha512-tayCN0+jLJRyM7W059ybwaEojjI4ylP4UyyG+LDc4m62PskmsCWTWOJzudjtx4d765e0I/F1w1ELrE+VhUdOpQ==
  dependencies:
    tslib "^2.0.0"

"@aws-sdk/util-locate-window@^3.0.0":
  version "3.18.0"
  resolved "https://registry.yarnpkg.com/@aws-sdk/util-locate-window/-/util-locate-window-3.18.0.tgz#47bb20b6f9fcff45ec948e125a4e8f892f029d80"
  integrity sha512-Lj2O9KaXCn+gPW23l3ydcSWe4HK0jH6teeSymbaFTwTjKtr4oLfDDKAOFoG5YyppQstEPqsL/RidVey4kOFfcg==
  dependencies:
    tslib "^2.0.0"

"@aws-sdk/util-uri-escape@3.18.0":
  version "3.18.0"
  resolved "https://registry.yarnpkg.com/@aws-sdk/util-uri-escape/-/util-uri-escape-3.18.0.tgz#53efc98623e9fee697f45697bf9406737b68dce1"
  integrity sha512-Ui+uydvhzQALj/Q8sat4cVnCedwB/8iBPoMzcm1hr1r7ttWfmBKKElFZFl6ljCUtKaCE3rTb3JrZ2sKy9wT09A==
  dependencies:
    tslib "^2.0.0"

"@aws-sdk/util-user-agent-browser@3.18.0":
  version "3.18.0"
  resolved "https://registry.yarnpkg.com/@aws-sdk/util-user-agent-browser/-/util-user-agent-browser-3.18.0.tgz#4ffd5bf63361825e4fa0bc4b0599e1d73e624a94"
  integrity sha512-qBfyQJqN3RFyeY6nr03RZQ6uT6t5BIdthqwSPZ99K2gvf75TdhPA3PJsaIZfluNHEPQrgrNd32OED8jnd+GXwA==
  dependencies:
    "@aws-sdk/types" "3.18.0"
    bowser "^2.11.0"
    tslib "^2.0.0"

"@aws-sdk/util-user-agent-node@3.18.0":
  version "3.18.0"
  resolved "https://registry.yarnpkg.com/@aws-sdk/util-user-agent-node/-/util-user-agent-node-3.18.0.tgz#92a21dafc2cf0d1aeaf4ccd06987f0eb50c28e30"
  integrity sha512-gSdWW3X0kLMvooo2vc0yqWClclGUqcBfRq0K2w6XhYaJRT4E07KmQa4nPdBMYD1g79xW+53AbdQNnGq8b/bmhA==
  dependencies:
    "@aws-sdk/node-config-provider" "3.18.0"
    "@aws-sdk/types" "3.18.0"
    tslib "^2.0.0"

"@aws-sdk/util-utf8-browser@3.18.0", "@aws-sdk/util-utf8-browser@^3.0.0":
  version "3.18.0"
  resolved "https://registry.yarnpkg.com/@aws-sdk/util-utf8-browser/-/util-utf8-browser-3.18.0.tgz#d7d68290a323e4f9eb4f1d3f6add618c17e01a36"
  integrity sha512-JwcdTb6AAMtnlt2Sg0I18DBK1sWlsfDR/23CkDQ52niXvCSRdHeNkh5b7SdEPVUKI76hyce9nEshzI1OasTv7w==
  dependencies:
    tslib "^2.0.0"

"@aws-sdk/util-utf8-node@3.18.0":
  version "3.18.0"
  resolved "https://registry.yarnpkg.com/@aws-sdk/util-utf8-node/-/util-utf8-node-3.18.0.tgz#634457d568225e1b2a78c4a474a92ea0cd82e280"
  integrity sha512-yQtKkW5V6ycT6DlJkYgeMjj6HJc+jj50LUUx2ukW6IfRmCeAGWdUu82NgIzlzvlsqH1jvmQ/kaeqZ7ruOtmA6Q==
  dependencies:
    "@aws-sdk/util-buffer-from" "3.18.0"
    tslib "^2.0.0"

"@aws-sdk/util-waiter@3.18.0":
  version "3.18.0"
  resolved "https://registry.yarnpkg.com/@aws-sdk/util-waiter/-/util-waiter-3.18.0.tgz#a4d1ae639a22cc48479d70b22d6d759b7bac7f24"
  integrity sha512-ba67ZEn96RR7Nm0xXGtxD1ISWsG6ePpnOEi2p6hhP1/zJth70mCgxfMPHbxBmfQuadCtP3lhMGpRIptdAlXnDA==
  dependencies:
    "@aws-sdk/abort-controller" "3.18.0"
    "@aws-sdk/types" "3.18.0"
    tslib "^2.0.0"

"@balena/dockerignore@^1.0.2":
  version "1.0.2"
  resolved "https://registry.yarnpkg.com/@balena/dockerignore/-/dockerignore-1.0.2.tgz#9ffe4726915251e8eb69f44ef3547e0da2c03e0d"
  integrity sha512-wMue2Sy4GAVTk6Ic4tJVcnfdau+gx2EnG7S+uAEe+TWJFqE4YoWN4/H8MSLj4eYJKxGg26lZwboEniNiNwZQ6Q==

"@types/needle@^2.5.1":
  version "2.5.1"
  resolved "https://registry.yarnpkg.com/@types/needle/-/needle-2.5.1.tgz#2923f4a63a66048aed3038d76e8bc83b6905c784"
  integrity sha512-OeI+1hQI6wzIKRwmK0XNJ1k0hpS9+p6Q4SvmnNNr6BpGCCjPIeR1FdlUV/ruw6GYCP3qmJ+iusXwIGtL4nq3Iw==
  dependencies:
    "@types/node" "*"

"@types/node@*", "@types/node@^15.12.2":
  version "15.12.2"
  resolved "https://registry.yarnpkg.com/@types/node/-/node-15.12.2.tgz#1f2b42c4be7156ff4a6f914b2fb03d05fa84e38d"
  integrity sha512-zjQ69G564OCIWIOHSXyQEEDpdpGl+G348RAKY0XXy9Z5kU9Vzv1GMNnkar/ZJ8dzXB3COzD9Mo9NtRZ4xfgUww==

"@types/uuid@^8.3.0":
  version "8.3.0"
  resolved "https://registry.yarnpkg.com/@types/uuid/-/uuid-8.3.0.tgz#215c231dff736d5ba92410e6d602050cce7e273f"
  integrity sha512-eQ9qFW/fhfGJF8WKHGEHZEyVWfZxrT+6CLIJGBcZPfxUh/+BnEj+UCGYMlr9qZuX/2AltsvwrGqp0LhEW8D0zQ==

"@types/yargs-parser@*":
  version "20.2.0"
  resolved "https://registry.yarnpkg.com/@types/yargs-parser/-/yargs-parser-20.2.0.tgz#dd3e6699ba3237f0348cd085e4698780204842f9"
  integrity sha512-37RSHht+gzzgYeobbG+KWryeAW8J33Nhr69cjTqSYymXVZEN9NbRYWoYlRtDhHKPVT1FyNKwaTPC1NynKZpzRA==

"@types/yargs@^17.0.0":
  version "17.0.0"
  resolved "https://registry.yarnpkg.com/@types/yargs/-/yargs-17.0.0.tgz#32f740934eedf0a5cd19470249f317755c91f1ae"
  integrity sha512-RS7u2X7vdXjVQs160PWY1pjLBw6GJj04utojn0KU8p2rRZR37FSzzK6XOT+KLzT/DVbDYRyezroc0LHIvM5Z2A==
  dependencies:
    "@types/yargs-parser" "*"

ajv@^8.6.0:
  version "8.6.0"
  resolved "https://registry.yarnpkg.com/ajv/-/ajv-8.6.0.tgz#60cc45d9c46a477d80d92c48076d972c342e5720"
  integrity sha512-cnUG4NSBiM4YFBxgZIj/In3/6KX+rQ2l2YPRVcvAMQGWEPKuXoPIhxzwqh31jA3IPbI4qEOp/5ILI4ynioXsGQ==
  dependencies:
    fast-deep-equal "^3.1.1"
    json-schema-traverse "^1.0.0"
    require-from-string "^2.0.2"
    uri-js "^4.2.2"

ansi-regex@^5.0.0:
  version "5.0.0"
  resolved "https://registry.yarnpkg.com/ansi-regex/-/ansi-regex-5.0.0.tgz#388539f55179bf39339c81af30a654d69f87cb75"
  integrity sha512-bY6fj56OUQ0hU1KjFNDQuJFezqKdrAyFdIevADiqrWHwSlbmBNMHp5ak2f40Pm8JTFyM2mqxkG6ngkHO11f/lg==

ansi-styles@^4.0.0:
  version "4.3.0"
  resolved "https://registry.yarnpkg.com/ansi-styles/-/ansi-styles-4.3.0.tgz#edd803628ae71c04c85ae7a0906edad34b648937"
  integrity sha512-zbB9rCJAT1rbjiVDb2hqKFHNYLxgtk8NURxZ3IZwD3F6NtxbXZQCnnSi1Lkx+IDohdPlFp222wVALIheZJQSEg==
  dependencies:
    color-convert "^2.0.1"

at-least-node@^1.0.0:
  version "1.0.0"
  resolved "https://registry.yarnpkg.com/at-least-node/-/at-least-node-1.0.0.tgz#602cd4b46e844ad4effc92a8011a3c46e0238dc2"
  integrity sha512-+q/t7Ekv1EDY2l6Gda6LLiX14rU9TV20Wa3ofeQmwPFZbOMo9DXrLbOjFaaclkXKWidIaopwAObQDqwWtGUjqg==

aws-cdk-lib@^2.17.0:
  version "2.17.0"
  resolved "https://registry.yarnpkg.com/aws-cdk-lib/-/aws-cdk-lib-2.17.0.tgz#822b397fbc1a44f647abbdb31d6a85f18bd89043"
  integrity sha512-bga2HptbGx3rMdSkIKxBS13miogj/DHB2VPfQZAoKoCOAanOot+M3mHhYqe5aNdxhrppaRjG2eid2p1/MvRnvg==
  dependencies:
    "@balena/dockerignore" "^1.0.2"
    case "1.6.3"
    fs-extra "^9.1.0"
    ignore "^5.2.0"
    jsonschema "^1.4.0"
    minimatch "^3.1.2"
    punycode "^2.1.1"
    semver "^7.3.5"
    yaml "1.10.2"

aws-cdk@^2.17.0:
  version "2.17.0"
  resolved "https://registry.yarnpkg.com/aws-cdk/-/aws-cdk-2.17.0.tgz#cb9149c55f1bec54eacfe0242d3454faf4292e2e"
  integrity sha512-gRPPpTONOjtQ40A8sc2SzXPGDzFlVbSPPts1pjOx4VBJ2S91A0ON3Fkby+XX/Xqdo1GITTWAk5Va4PnoYyUhmA==
  optionalDependencies:
    fsevents "2.3.2"

balanced-match@^1.0.0:
  version "1.0.2"
  resolved "https://registry.yarnpkg.com/balanced-match/-/balanced-match-1.0.2.tgz#e83e3a7e3f300b34cb9d87f615fa0cbf357690ee"
  integrity sha512-3oSeUO0TMV67hN1AmbXsK4yaqU7tjiHlbxRDZOpH0KW9+CeX4bRAaX0Anxt0tx2MrpRpWwQaPwIlISEJhYU5Pw==

bowser@^2.11.0:
  version "2.11.0"
  resolved "https://registry.yarnpkg.com/bowser/-/bowser-2.11.0.tgz#5ca3c35757a7aa5771500c70a73a9f91ef420a8f"
  integrity sha512-AlcaJBi/pqqJBIQ8U9Mcpc9i8Aqxn88Skv5d+xBX006BY5u8N3mGLHa5Lgppa7L/HfwgwLgZ6NYs+Ag6uUmJRA==

brace-expansion@^1.1.7:
  version "1.1.11"
  resolved "https://registry.yarnpkg.com/brace-expansion/-/brace-expansion-1.1.11.tgz#3c7fcbf529d87226f3d2f52b966ff5271eb441dd"
  integrity sha512-iCuPHDFgrHX7H2vEI/5xpz07zSHB00TpugqhmYtVmMO6518mCuRMoOYFldEBl0g187ufozdaHgWKcYFb61qGiA==
  dependencies:
    balanced-match "^1.0.0"
    concat-map "0.0.1"

case@1.6.3:
  version "1.6.3"
  resolved "https://registry.yarnpkg.com/case/-/case-1.6.3.tgz#0a4386e3e9825351ca2e6216c60467ff5f1ea1c9"
  integrity sha512-mzDSXIPaFwVDvZAHqZ9VlbyF4yyXRuX6IvB06WvPYkqJVO24kX1PPhv9bfpKNFZyxYFmmgo03HUiD8iklmJYRQ==

cliui@^7.0.2:
  version "7.0.4"
  resolved "https://registry.yarnpkg.com/cliui/-/cliui-7.0.4.tgz#a0265ee655476fc807aea9df3df8df7783808b4f"
  integrity sha512-OcRE68cOsVMXp1Yvonl/fzkQOyjLSu/8bhPDfQt0e0/Eb283TKP20Fs2MqoPsr9SwA595rRCA+QMzYc9nBP+JQ==
  dependencies:
    string-width "^4.2.0"
    strip-ansi "^6.0.0"
    wrap-ansi "^7.0.0"

color-convert@^2.0.1:
  version "2.0.1"
  resolved "https://registry.yarnpkg.com/color-convert/-/color-convert-2.0.1.tgz#72d3a68d598c9bdb3af2ad1e84f21d896abd4de3"
  integrity sha512-RRECPsj7iu/xb5oKYcsFHSppFNnsj/52OVTRKb4zP5onXwVF3zVmmToNcOfGC+CRDpfK/U584fMg38ZHCaElKQ==
  dependencies:
    color-name "~1.1.4"

color-name@~1.1.4:
  version "1.1.4"
  resolved "https://registry.yarnpkg.com/color-name/-/color-name-1.1.4.tgz#c2a09a87acbde69543de6f63fa3995c826c536a2"
  integrity sha512-dOy+3AuW3a2wNbZHIuMZpTcgjGuLU/uBL/ubcZF9OXbDo8ff4O8yVp5Bf0efS8uEoYo5q4Fx7dY9OgQGXgAsQA==

concat-map@0.0.1:
  version "0.0.1"
  resolved "https://registry.yarnpkg.com/concat-map/-/concat-map-0.0.1.tgz#d8a96bd77fd68df7793a73036a3ba0d5405d477b"
  integrity sha1-2Klr13/Wjfd5OnMDajug1UBdR3s=

constructs@^10.0.92:
  version "10.0.92"
  resolved "https://registry.yarnpkg.com/constructs/-/constructs-10.0.92.tgz#604355c829e97ee5c912fb9d1c235d7daf6efa37"
  integrity sha512-wCVg2rd0B+WlFGRNRp1KSo04YBCPFEDUuakH+D08EHnAjvibkZ8LjO/+KB4rNTGPkdQicfTbkPnv2O5QU3axfg==

debug@^3.2.6:
  version "3.2.7"
  resolved "https://registry.yarnpkg.com/debug/-/debug-3.2.7.tgz#72580b7e9145fb39b6676f9c5e5fb100b934179a"
  integrity sha512-CFjzYYAi4ThfiQvizrFQevTTXHtnCqWfe7x1AhgEscTz6ZbLbfoLRLPugTQyBth6f8ZERVUSyWHFD/7Wu4t1XQ==
  dependencies:
    ms "^2.1.1"

emoji-regex@^8.0.0:
  version "8.0.0"
  resolved "https://registry.yarnpkg.com/emoji-regex/-/emoji-regex-8.0.0.tgz#e818fd69ce5ccfcb404594f842963bf53164cc37"
  integrity sha512-MSjYzcWNOA0ewAHpz0MxpYFvwg6yjy1NG3xteoqz644VCo/RPgnr1/GGt+ic3iJTzQ8Eu3TdM14SawnVUmGE6A==

entities@2.2.0:
  version "2.2.0"
  resolved "https://registry.yarnpkg.com/entities/-/entities-2.2.0.tgz#098dc90ebb83d8dffa089d55256b351d34c4da55"
  integrity sha512-p92if5Nz619I0w+akJrLZH0MX0Pb5DX39XOwQTtXSdQQOaYH03S1uIQp4mhOZtAXrxq4ViO67YTiLBo2638o9A==

escalade@^3.1.1:
  version "3.1.1"
  resolved "https://registry.yarnpkg.com/escalade/-/escalade-3.1.1.tgz#d8cfdc7000965c5a0174b4a82eaa5c0552742e40"
  integrity sha512-k0er2gUkLf8O0zKJiAhmkTnJlTvINGv7ygDNPbeIsX/TJjGJZHuh9B2UxbsaEkmlEo9MfhrSzmhIlhRlI2GXnw==

fast-deep-equal@^3.1.1:
  version "3.1.3"
  resolved "https://registry.yarnpkg.com/fast-deep-equal/-/fast-deep-equal-3.1.3.tgz#3a7d56b559d6cbc3eb512325244e619a65c6c525"
  integrity sha512-f3qQ9oQy9j2AhBe/H9VC91wLmKBCCU/gDOnKNAYG5hswO7BLKj09Hc5HYNz9cGI++xlpDCIgDaitVs03ATR84Q==

fast-xml-parser@3.19.0:
  version "3.19.0"
  resolved "https://registry.yarnpkg.com/fast-xml-parser/-/fast-xml-parser-3.19.0.tgz#cb637ec3f3999f51406dd8ff0e6fc4d83e520d01"
  integrity sha512-4pXwmBplsCPv8FOY1WRakF970TjNGnGnfbOnLqjlYvMiF1SR3yOHyxMR/YCXpPTOspNF5gwudqktIP4VsWkvBg==

fs-extra@^9.1.0:
  version "9.1.0"
  resolved "https://registry.yarnpkg.com/fs-extra/-/fs-extra-9.1.0.tgz#5954460c764a8da2094ba3554bf839e6b9a7c86d"
  integrity sha512-hcg3ZmepS30/7BSFqRvoo3DOMQu7IjqxO5nCDt+zM9XWjb33Wg7ziNT+Qvqbuc3+gWpzO02JubVyk2G4Zvo1OQ==
  dependencies:
    at-least-node "^1.0.0"
    graceful-fs "^4.2.0"
    jsonfile "^6.0.1"
    universalify "^2.0.0"

fsevents@2.3.2:
  version "2.3.2"
  resolved "https://registry.yarnpkg.com/fsevents/-/fsevents-2.3.2.tgz#8a526f78b8fdf4623b709e0b975c52c24c02fd1a"
  integrity sha512-xiqMQR4xAeHTuB9uWm+fFRcIOgKBMiOBP+eXiyT7jsgVCq1bkVygt00oASowB7EdtpOHaaPgKt812P9ab+DDKA==

get-caller-file@^2.0.5:
  version "2.0.5"
  resolved "https://registry.yarnpkg.com/get-caller-file/-/get-caller-file-2.0.5.tgz#4f94412a82db32f36e3b0b9741f8a97feb031f7e"
  integrity sha512-DyFP3BM/3YHTQOCUL/w0OZHR0lpKeGrxotcHWcqNEdnltqFwXVfhEBQ94eIo34AfQpo0rGki4cyIiftY06h2Fg==

graceful-fs@^4.1.6, graceful-fs@^4.2.0:
  version "4.2.9"
  resolved "https://registry.yarnpkg.com/graceful-fs/-/graceful-fs-4.2.9.tgz#041b05df45755e587a24942279b9d113146e1c96"
  integrity sha512-NtNxqUcXgpW2iMrfqSfR73Glt39K+BLwWsPs94yR63v45T0Wbej7eRmL5cWfwEgqXnmjQp3zaJTshdRW/qC2ZQ==

iconv-lite@^0.4.4:
  version "0.4.24"
  resolved "https://registry.yarnpkg.com/iconv-lite/-/iconv-lite-0.4.24.tgz#2022b4b25fbddc21d2f524974a474aafe733908b"
  integrity sha512-v3MXnZAcvnywkTUEZomIActle7RXXeedOR31wwl7VlyoXO4Qi9arvSenNQWne1TcRwhCL1HwLI21bEqdpj8/rA==
  dependencies:
    safer-buffer ">= 2.1.2 < 3"

ignore@^5.2.0:
  version "5.2.0"
  resolved "https://registry.yarnpkg.com/ignore/-/ignore-5.2.0.tgz#6d3bac8fa7fe0d45d9f9be7bac2fc279577e345a"
  integrity sha512-CmxgYGiEPCLhfLnpPp1MoRmifwEIOgjcHXxOBjv7mY96c+eWScsOP9c112ZyLdWHi0FxHjI+4uVhKYp/gcdRmQ==

is-fullwidth-code-point@^3.0.0:
  version "3.0.0"
  resolved "https://registry.yarnpkg.com/is-fullwidth-code-point/-/is-fullwidth-code-point-3.0.0.tgz#f116f8064fe90b3f7844a38997c0b75051269f1d"
  integrity sha512-zymm5+u+sCsSWyD9qNaejV3DFvhCKclKdizYaJUuHA83RLjb7nSuGnddCHGv0hk+KY7BMAlsWeK4Ueg6EV6XQg==

json-schema-traverse@^1.0.0:
  version "1.0.0"
  resolved "https://registry.yarnpkg.com/json-schema-traverse/-/json-schema-traverse-1.0.0.tgz#ae7bcb3656ab77a73ba5c49bf654f38e6b6860e2"
  integrity sha512-NM8/P9n3XjXhIZn1lLhkFaACTOURQXjWhV4BA/RnOv8xvgqtqpAX9IO4mRQxSx1Rlo4tqzeqb0sOlruaOy3dug==

jsonfile@^6.0.1:
  version "6.1.0"
  resolved "https://registry.yarnpkg.com/jsonfile/-/jsonfile-6.1.0.tgz#bc55b2634793c679ec6403094eb13698a6ec0aae"
  integrity sha512-5dgndWOriYSm5cnYaJNhalLNDKOqFwyDB/rr1E9ZsGciGvKPs8R2xYGCacuf3z6K1YKDz182fd+fY3cn3pMqXQ==
  dependencies:
    universalify "^2.0.0"
  optionalDependencies:
    graceful-fs "^4.1.6"

jsonschema@^1.4.0:
  version "1.4.0"
  resolved "https://registry.yarnpkg.com/jsonschema/-/jsonschema-1.4.0.tgz#1afa34c4bc22190d8e42271ec17ac8b3404f87b2"
  integrity sha512-/YgW6pRMr6M7C+4o8kS+B/2myEpHCrxO4PEWnqJNBFMjn7EWXqlQ4tGwL6xTHeRplwuZmcAncdvfOad1nT2yMw==

lru-cache@^6.0.0:
  version "6.0.0"
  resolved "https://registry.yarnpkg.com/lru-cache/-/lru-cache-6.0.0.tgz#6d6fe6570ebd96aaf90fcad1dafa3b2566db3a94"
  integrity sha512-Jo6dJ04CmSjuznwJSS3pUeWmd/H0ffTlkXXgwZi+eq1UCmqQwCh+eLsYOYCwY991i2Fah4h1BEMCx4qThGbsiA==
  dependencies:
    yallist "^4.0.0"

minimatch@^3.1.2:
  version "3.1.2"
  resolved "https://registry.yarnpkg.com/minimatch/-/minimatch-3.1.2.tgz#19cd194bfd3e428f049a70817c038d89ab4be35b"
  integrity sha512-J7p63hRiAjw1NDEww1W7i37+ByIrOWO5XQQAzZ3VOcL0PNybwpfmV/N05zFAzwQ9USyEcX6t3UO+K5aqBQOIHw==
  dependencies:
    brace-expansion "^1.1.7"

ms@^2.1.1:
  version "2.1.3"
  resolved "https://registry.yarnpkg.com/ms/-/ms-2.1.3.tgz#574c8138ce1d2b5861f0b44579dbadd60c6615b2"
  integrity sha512-6FlzubTLZG3J2a/NVCAleEhjzq5oxgHyaCU9yYXvcLsvoVaHJq/s5xXI6/XXP6tz7R9xAOtHnSO/tXtF3WRTlA==

needle@^2.6.0:
  version "2.6.0"
  resolved "https://registry.yarnpkg.com/needle/-/needle-2.6.0.tgz#24dbb55f2509e2324b4a99d61f413982013ccdbe"
  integrity sha512-KKYdza4heMsEfSWD7VPUIz3zX2XDwOyX2d+geb4vrERZMT5RMU6ujjaD+I5Yr54uZxQ2w6XRTAhHBbSCyovZBg==
  dependencies:
    debug "^3.2.6"
    iconv-lite "^0.4.4"
    sax "^1.2.4"

punycode@^2.1.0, punycode@^2.1.1:
  version "2.1.1"
  resolved "https://registry.yarnpkg.com/punycode/-/punycode-2.1.1.tgz#b58b010ac40c22c5657616c8d2c2c02c7bf479ec"
  integrity sha512-XRsRjdf+j5ml+y/6GKHPZbrF/8p2Yga0JPtdqTIY2Xe5ohJPD9saDJJLPvp9+NSBprVvevdXZybnj2cv8OEd0A==

require-directory@^2.1.1:
  version "2.1.1"
  resolved "https://registry.yarnpkg.com/require-directory/-/require-directory-2.1.1.tgz#8c64ad5fd30dab1c976e2344ffe7f792a6a6df42"
  integrity sha1-jGStX9MNqxyXbiNE/+f3kqam30I=

require-from-string@^2.0.2:
  version "2.0.2"
  resolved "https://registry.yarnpkg.com/require-from-string/-/require-from-string-2.0.2.tgz#89a7fdd938261267318eafe14f9c32e598c36909"
  integrity sha512-Xf0nWe6RseziFMu+Ap9biiUbmplq6S9/p+7w7YXP/JBHhrUDDUhwa+vANyubuqfZWTveU//DYVGsDG7RKL/vEw==

"safer-buffer@>= 2.1.2 < 3":
  version "2.1.2"
  resolved "https://registry.yarnpkg.com/safer-buffer/-/safer-buffer-2.1.2.tgz#44fa161b0187b9549dd84bb91802f9bd8385cd6a"
  integrity sha512-YZo3K82SD7Riyi0E1EQPojLz7kpepnSQI9IyPbHHg1XXXevb5dJI7tpyN2ADxGcQbHG7vcyRHk0cbwqcQriUtg==

sax@^1.2.4:
  version "1.2.4"
  resolved "https://registry.yarnpkg.com/sax/-/sax-1.2.4.tgz#2816234e2378bddc4e5354fab5caa895df7100d9"
  integrity sha512-NqVDv9TpANUjFm0N8uM5GxL36UgKi9/atZw+x7YFnQ8ckwFGKrl4xX4yWtrey3UJm5nP1kUbnYgLopqWNSRhWw==

semver@^7.3.5:
  version "7.3.5"
  resolved "https://registry.yarnpkg.com/semver/-/semver-7.3.5.tgz#0b621c879348d8998e4b0e4be94b3f12e6018ef7"
  integrity sha512-PoeGJYh8HK4BTO/a9Tf6ZG3veo/A7ZVsYrSA6J8ny9nb3B1VrpkuN+z9OE5wfE5p6H4LchYZsegiQgbJD94ZFQ==
  dependencies:
    lru-cache "^6.0.0"

string-width@^4.1.0, string-width@^4.2.0:
  version "4.2.2"
  resolved "https://registry.yarnpkg.com/string-width/-/string-width-4.2.2.tgz#dafd4f9559a7585cfba529c6a0a4f73488ebd4c5"
  integrity sha512-XBJbT3N4JhVumXE0eoLU9DCjcaF92KLNqTmFCnG1pf8duUxFGwtP6AD6nkjw9a3IdiRtL3E2w3JDiE/xi3vOeA==
  dependencies:
    emoji-regex "^8.0.0"
    is-fullwidth-code-point "^3.0.0"
    strip-ansi "^6.0.0"

strip-ansi@^6.0.0:
  version "6.0.0"
  resolved "https://registry.yarnpkg.com/strip-ansi/-/strip-ansi-6.0.0.tgz#0b1571dd7669ccd4f3e06e14ef1eed26225ae532"
  integrity sha512-AuvKTrTfQNYNIctbR1K/YGTR1756GycPsg7b9bdV9Duqur4gv6aKqHXah67Z8ImS7WEz5QVcOtlfW2rZEugt6w==
  dependencies:
    ansi-regex "^5.0.0"

tslib@^1.11.1:
  version "1.14.1"
  resolved "https://registry.yarnpkg.com/tslib/-/tslib-1.14.1.tgz#cf2d38bdc34a134bcaf1091c41f6619e2f672d00"
  integrity sha512-Xni35NKzjgMrwevysHTCArtLDpPvye8zV/0E4EyYn43P7/7qvQwPh9BGkHewbMulVntbigmcT7rdX3BNo9wRJg==

tslib@^2.0.0:
  version "2.3.0"
  resolved "https://registry.yarnpkg.com/tslib/-/tslib-2.3.0.tgz#803b8cdab3e12ba581a4ca41c8839bbb0dacb09e"
  integrity sha512-N82ooyxVNm6h1riLCoyS9e3fuJ3AMG2zIZs2Gd1ATcSFjSA23Q0fzjjZeh0jbJvWVDZ0cJT8yaNNaaXHzueNjg==

typescript@^4.3.2:
  version "4.3.2"
  resolved "https://registry.yarnpkg.com/typescript/-/typescript-4.3.2.tgz#399ab18aac45802d6f2498de5054fcbbe716a805"
  integrity sha512-zZ4hShnmnoVnAHpVHWpTcxdv7dWP60S2FsydQLV8V5PbS3FifjWFFRiHSWpDJahly88PRyV5teTSLoq4eG7mKw==

universalify@^2.0.0:
  version "2.0.0"
  resolved "https://registry.yarnpkg.com/universalify/-/universalify-2.0.0.tgz#75a4984efedc4b08975c5aeb73f530d02df25717"
  integrity sha512-hAZsKq7Yy11Zu1DE0OzWjw7nnLZmJZYTDZZyEFHZdUhV8FkH5MCfoU1XMaxXovpyW5nq5scPqq0ZDP9Zyl04oQ==

uri-js@^4.2.2:
  version "4.4.1"
  resolved "https://registry.yarnpkg.com/uri-js/-/uri-js-4.4.1.tgz#9b1a52595225859e55f669d928f88c6c57f2a77e"
  integrity sha512-7rKUyy33Q1yc98pQ1DAmLtwX109F7TIfWlW1Ydo8Wl1ii1SeHieeh0HHfPeL2fMXK6z0s8ecKs9frCuLJvndBg==
  dependencies:
    punycode "^2.1.0"

uuid@^8.3.2:
  version "8.3.2"
  resolved "https://registry.yarnpkg.com/uuid/-/uuid-8.3.2.tgz#80d5b5ced271bb9af6c445f21a1a04c606cefbe2"
  integrity sha512-+NYs2QeMWy+GWFOEm9xnn6HCDp0l7QBD7ml8zLUmJ+93Q5NF0NocErnwkTkXVFNiX3/fpC6afS8Dhb/gz7R7eg==

wrap-ansi@^7.0.0:
  version "7.0.0"
  resolved "https://registry.yarnpkg.com/wrap-ansi/-/wrap-ansi-7.0.0.tgz#67e145cff510a6a6984bdf1152911d69d2eb9e43"
  integrity sha512-YVGIj2kamLSTxw6NsZjoBxfSwsn0ycdesmc4p+Q21c5zPuZ1pl+NfxVdxPtdHvmNVOQ6XSYG4AUtyt/Fi7D16Q==
  dependencies:
    ansi-styles "^4.0.0"
    string-width "^4.1.0"
    strip-ansi "^6.0.0"

y18n@^5.0.5:
  version "5.0.8"
  resolved "https://registry.yarnpkg.com/y18n/-/y18n-5.0.8.tgz#7f4934d0f7ca8c56f95314939ddcd2dd91ce1d55"
  integrity sha512-0pfFzegeDWJHJIAmTLRP2DwHjdF5s7jo9tuztdQxAhINCdvS+3nGINqPd00AphqJR/0LhANUS6/+7SCb98YOfA==

yallist@^4.0.0:
  version "4.0.0"
  resolved "https://registry.yarnpkg.com/yallist/-/yallist-4.0.0.tgz#9bb92790d9c0effec63be73519e11a35019a3a72"
  integrity sha512-3wdGidZyq5PB084XLES5TpOSRA3wjXAlIWMhum2kRcv/41Sn2emQ0dycQW4uZXLejwKvg6EsvbdlVL+FYEct7A==

yaml@1.10.2:
  version "1.10.2"
  resolved "https://registry.yarnpkg.com/yaml/-/yaml-1.10.2.tgz#2301c5ffbf12b467de8da2333a459e29e7920e4b"
  integrity sha512-r3vXyErRCYJ7wg28yvBY5VSoAF8ZvlcW9/BwUzEtUsjvX/DKs24dIkuwjtuprwJJHsbyUbLApepYTR1BN4uHrg==

yargs-parser@^20.2.2:
  version "20.2.7"
  resolved "https://registry.yarnpkg.com/yargs-parser/-/yargs-parser-20.2.7.tgz#61df85c113edfb5a7a4e36eb8aa60ef423cbc90a"
  integrity sha512-FiNkvbeHzB/syOjIUxFDCnhSfzAL8R5vs40MgLFBorXACCOAEaWu0gRZl14vG8MR9AOJIZbmkjhusqBYZ3HTHw==

yargs@^17.0.1:
  version "17.0.1"
  resolved "https://registry.yarnpkg.com/yargs/-/yargs-17.0.1.tgz#6a1ced4ed5ee0b388010ba9fd67af83b9362e0bb"
  integrity sha512-xBBulfCc8Y6gLFcrPvtqKz9hz8SO0l1Ni8GgDekvBX2ro0HRQImDGnikfc33cgzcYUSncapnNcZDjVFIH3f6KQ==
  dependencies:
    cliui "^7.0.2"
    escalade "^3.1.1"
    get-caller-file "^2.0.5"
    require-directory "^2.1.1"
    string-width "^4.2.0"
    y18n "^5.0.5"
    yargs-parser "^20.2.2"
